
Microsoft Visual Studio Solution File, Format Version 11.00
# Visual Studio 2010
# SharpDevelop 4.2.0.8528-beta
Project("{FAE04EC0-301F-11D3-BF4B-00C04F79EFBC}") = "GreenshotLanguageEditor", "GreenshotLanguageEditor\GreenshotLanguageEditor.csproj", "{3938F7B8-BAA1-48A3-B910-5FA6A5AA2506}"
EndProject
Global
	GlobalSection(SolutionConfigurationPlatforms) = preSolution
		Debug|x86 = Debug|x86
		Release|x86 = Release|x86
	EndGlobalSection
	GlobalSection(ProjectConfigurationPlatforms) = postSolution
		{3938F7B8-BAA1-48A3-B910-5FA6A5AA2506}.Debug|x86.Build.0 = Debug|x86
		{3938F7B8-BAA1-48A3-B910-5FA6A5AA2506}.Debug|x86.ActiveCfg = Debug|x86
		{3938F7B8-BAA1-48A3-B910-5FA6A5AA2506}.Release|x86.Build.0 = Release|x86
		{3938F7B8-BAA1-48A3-B910-5FA6A5AA2506}.Release|x86.ActiveCfg = Release|x86
	EndGlobalSection
EndGlobal
