
Microsoft Visual Studio Solution File, Format Version 10.00
# Visual Studio 2008
# SharpDevelop 3.2.0.5777
Project("{FAE04EC0-301F-11D3-BF4B-00C04F79EFBC}") = "GreenshotPlugin", "..\GreenshotPlugin\GreenshotPlugin.csproj", "{5B924697-4DCD-4F98-85F1-105CB84B7341}"
EndProject
Project("{FAE04EC0-301F-11D3-BF4B-00C04F79EFBC}") = "Greenshot-OCR-Plugin", "..\Greenshot-OCR-Plugin\Greenshot-OCR-Plugin.csproj", "{C6988EE8-2FEE-4349-9F09-F9628A0D8965}"
EndProject
Project("{FAE04EC0-301F-11D3-BF4B-00C04F79EFBC}") = "Greenshot-TitleFix-Plugin", "..\Greenshot-TitleFix-Plugin\Greenshot-TitleFix-Plugin.csproj", "{0A07500E-7404-48D7-8789-7EB2A23E0DD5}"
EndProject
Project("{FAE04EC0-301F-11D3-BF4B-00C04F79EFBC}") = "GreenshotJiraPlugin", "..\GreenshotJiraPlugin\GreenshotJiraPlugin.csproj", "{19FEEF09-313F-43C7-819D-F1BCA782B08B}"
EndProject
Project("{FAE04EC0-301F-11D3-BF4B-00C04F79EFBC}") = "GreenshotImgurPlugin", "..\GreenshotImgurPlugin\GreenshotImgurPlugin.csproj", "{80D8DEB9-94E3-4876-8CCA-2DF1ED5F2C50}"
EndProject
Project("{FAE04EC0-301F-11D3-BF4B-00C04F79EFBC}") = "Greenshot", "Greenshot.csproj", "{CD642BF4-D815-4D67-A0B5-C69F0B8231AF}"
	ProjectSection(ProjectDependencies) = postProject
		{5B924697-4DCD-4F98-85F1-105CB84B7341} = {5B924697-4DCD-4F98-85F1-105CB84B7341}
		{C6988EE8-2FEE-4349-9F09-F9628A0D8965} = {C6988EE8-2FEE-4349-9F09-F9628A0D8965}
		{0A07500E-7404-48D7-8789-7EB2A23E0DD5} = {0A07500E-7404-48D7-8789-7EB2A23E0DD5}
		{19FEEF09-313F-43C7-819D-F1BCA782B08B} = {19FEEF09-313F-43C7-819D-F1BCA782B08B}
		{80D8DEB9-94E3-4876-8CCA-2DF1ED5F2C50} = {80D8DEB9-94E3-4876-8CCA-2DF1ED5F2C50}
	EndProjectSection
EndProject
Project("{FAE04EC0-301F-11D3-BF4B-00C04F79EFBC}") = "GreenshotTest", "..\GreenshotTest\GreenshotTest.csproj", "{EFD01BC7-15E5-48AD-BE68-D7B62FEEED2D}"
EndProject
Global
	GlobalSection(SolutionConfigurationPlatforms) = preSolution
		Debug|Any CPU = Debug|Any CPU
		Release|Any CPU = Release|Any CPU
	EndGlobalSection
	GlobalSection(ProjectConfigurationPlatforms) = postSolution
		{CD642BF4-D815-4D67-A0B5-C69F0B8231AF}.Debug|Any CPU.Build.0 = Debug|Any CPU
		{CD642BF4-D815-4D67-A0B5-C69F0B8231AF}.Debug|Any CPU.ActiveCfg = Debug|Any CPU
		{CD642BF4-D815-4D67-A0B5-C69F0B8231AF}.Release|Any CPU.Build.0 = Release|Any CPU
		{CD642BF4-D815-4D67-A0B5-C69F0B8231AF}.Release|Any CPU.ActiveCfg = Release|Any CPU
		{5B924697-4DCD-4F98-85F1-105CB84B7341}.Debug|Any CPU.Build.0 = Debug|x86
		{5B924697-4DCD-4F98-85F1-105CB84B7341}.Debug|Any CPU.ActiveCfg = Debug|x86
		{5B924697-4DCD-4F98-85F1-105CB84B7341}.Release|Any CPU.Build.0 = Release|x86
		{5B924697-4DCD-4F98-85F1-105CB84B7341}.Release|Any CPU.ActiveCfg = Release|x86
		{C6988EE8-2FEE-4349-9F09-F9628A0D8965}.Debug|Any CPU.Build.0 = Debug|x86
		{C6988EE8-2FEE-4349-9F09-F9628A0D8965}.Debug|Any CPU.ActiveCfg = Debug|x86
		{C6988EE8-2FEE-4349-9F09-F9628A0D8965}.Release|Any CPU.Build.0 = Release|x86
		{C6988EE8-2FEE-4349-9F09-F9628A0D8965}.Release|Any CPU.ActiveCfg = Release|x86
		{0A07500E-7404-48D7-8789-7EB2A23E0DD5}.Debug|Any CPU.Build.0 = Debug|x86
		{0A07500E-7404-48D7-8789-7EB2A23E0DD5}.Debug|Any CPU.ActiveCfg = Debug|x86
		{0A07500E-7404-48D7-8789-7EB2A23E0DD5}.Release|Any CPU.Build.0 = Release|x86
		{0A07500E-7404-48D7-8789-7EB2A23E0DD5}.Release|Any CPU.ActiveCfg = Release|x86
		{19FEEF09-313F-43C7-819D-F1BCA782B08B}.Debug|Any CPU.Build.0 = Debug|x86
		{19FEEF09-313F-43C7-819D-F1BCA782B08B}.Debug|Any CPU.ActiveCfg = Debug|x86
		{19FEEF09-313F-43C7-819D-F1BCA782B08B}.Release|Any CPU.Build.0 = Release|x86
		{19FEEF09-313F-43C7-819D-F1BCA782B08B}.Release|Any CPU.ActiveCfg = Release|x86
		{EFD01BC7-15E5-48AD-BE68-D7B62FEEED2D}.Debug|Any CPU.Build.0 = Debug|x86
		{EFD01BC7-15E5-48AD-BE68-D7B62FEEED2D}.Debug|Any CPU.ActiveCfg = Debug|x86
		{EFD01BC7-15E5-48AD-BE68-D7B62FEEED2D}.Release|Any CPU.Build.0 = Release|x86
		{EFD01BC7-15E5-48AD-BE68-D7B62FEEED2D}.Release|Any CPU.ActiveCfg = Release|x86
		{80D8DEB9-94E3-4876-8CCA-2DF1ED5F2C50}.Debug|Any CPU.Build.0 = Debug|x86
		{80D8DEB9-94E3-4876-8CCA-2DF1ED5F2C50}.Debug|Any CPU.ActiveCfg = Debug|x86
		{80D8DEB9-94E3-4876-8CCA-2DF1ED5F2C50}.Release|Any CPU.Build.0 = Release|x86
		{80D8DEB9-94E3-4876-8CCA-2DF1ED5F2C50}.Release|Any CPU.ActiveCfg = Release|x86
	EndGlobalSection
EndGlobal
