
Microsoft Visual Studio Solution File, Format Version 12.00
# Visual Studio Version 16
VisualStudioVersion = 16.0.28729.10
MinimumVisualStudioVersion = 10.0.40219.1
Project("{9A19103F-16F7-4668-BE54-9A1E7A4F7556}") = "Greenshot", "Greenshot\Greenshot.csproj", "{CD642BF4-D815-4D67-A0B5-C69F0B8231AF}"
EndProject
Project("{9A19103F-16F7-4668-BE54-9A1E7A4F7556}") = "Greenshot.Addons", "Greenshot.Addons\Greenshot.Addons.csproj", "{5B924697-4DCD-4F98-85F1-105CB84B7341}"
EndProject
Project("{9A19103F-16F7-4668-BE54-9A1E7A4F7556}") = "Greenshot.Addon.ExternalCommand", "Greenshot.Addon.ExternalCommand\Greenshot.Addon.ExternalCommand.csproj", "{47F23C86-604E-4CC3-8767-B3D4088F30BB}"
EndProject
Project("{9A19103F-16F7-4668-BE54-9A1E7A4F7556}") = "Greenshot.Addon.Office", "Greenshot.Addon.Office\Greenshot.Addon.Office.csproj", "{92599C09-FF29-4ABD-B6E6-C48ECD781BAB}"
EndProject
Project("{9A19103F-16F7-4668-BE54-9A1E7A4F7556}") = "Greenshot.Gfx", "Greenshot.Gfx\Greenshot.Gfx.csproj", "{F041C685-EB96-4ED1-9ACE-0F5BD836610F}"
EndProject
Project("{9A19103F-16F7-4668-BE54-9A1E7A4F7556}") = "Greenshot.PerformanceTests", "Greenshot.PerformanceTests\Greenshot.PerformanceTests.csproj", "{5D594C8A-2137-46E1-8D01-B83662825C7B}"
EndProject
Project("{9A19103F-16F7-4668-BE54-9A1E7A4F7556}") = "Greenshot.Tests", "Greenshot.Tests\Greenshot.Tests.csproj", "{9B162E60-12D8-44FD-8093-7D40392F23FA}"
EndProject
Project("{9A19103F-16F7-4668-BE54-9A1E7A4F7556}") = "Greenshot.Addon.LegacyEditor", "Greenshot.Addon.LegacyEditor\Greenshot.Addon.LegacyEditor.csproj", "{9F89C5A0-EB75-4F01-97EB-FBC0725733F2}"
EndProject
Project("{9A19103F-16F7-4668-BE54-9A1E7A4F7556}") = "Greenshot.Core", "Greenshot.Core\Greenshot.Core.csproj", "{BF35190D-B2A7-4CFA-B397-51CB384CF0D7}"
EndProject
Project("{9A19103F-16F7-4668-BE54-9A1E7A4F7556}") = "Greenshot.Addon.InternetExplorer", "Greenshot.Addon.InternetExplorer\Greenshot.Addon.InternetExplorer.csproj", "{4CCA2717-B8A4-44F7-965B-5687107E4921}"
EndProject
Project("{9A19103F-16F7-4668-BE54-9A1E7A4F7556}") = "Greenshot.Addon.Win10", "Greenshot.Addon.Win10\Greenshot.Addon.Win10.csproj", "{6A81B507-29D4-4135-95B7-F4B2C93C699D}"
EndProject
Global
	GlobalSection(SolutionConfigurationPlatforms) = preSolution
		Debug|Any CPU = Debug|Any CPU
		Debug|x64 = Debug|x64
		Debug|x86 = Debug|x86
		Release|Any CPU = Release|Any CPU
		Release|x64 = Release|x64
		Release|x86 = Release|x86
	EndGlobalSection
	GlobalSection(ProjectConfigurationPlatforms) = postSolution
		{CD642BF4-D815-4D67-A0B5-C69F0B8231AF}.Debug|Any CPU.ActiveCfg = Debug|Any CPU
		{CD642BF4-D815-4D67-A0B5-C69F0B8231AF}.Debug|Any CPU.Build.0 = Debug|Any CPU
		{CD642BF4-D815-4D67-A0B5-C69F0B8231AF}.Debug|x64.ActiveCfg = Debug|x64
		{CD642BF4-D815-4D67-A0B5-C69F0B8231AF}.Debug|x64.Build.0 = Debug|x64
		{CD642BF4-D815-4D67-A0B5-C69F0B8231AF}.Debug|x86.ActiveCfg = Debug|Any CPU
		{CD642BF4-D815-4D67-A0B5-C69F0B8231AF}.Debug|x86.Build.0 = Debug|Any CPU
		{CD642BF4-D815-4D67-A0B5-C69F0B8231AF}.Release|Any CPU.ActiveCfg = Release|Any CPU
		{CD642BF4-D815-4D67-A0B5-C69F0B8231AF}.Release|Any CPU.Build.0 = Release|Any CPU
		{CD642BF4-D815-4D67-A0B5-C69F0B8231AF}.Release|x64.ActiveCfg = Release|x64
		{CD642BF4-D815-4D67-A0B5-C69F0B8231AF}.Release|x64.Build.0 = Release|x64
		{CD642BF4-D815-4D67-A0B5-C69F0B8231AF}.Release|x86.ActiveCfg = Release|Any CPU
		{CD642BF4-D815-4D67-A0B5-C69F0B8231AF}.Release|x86.Build.0 = Release|Any CPU
		{5B924697-4DCD-4F98-85F1-105CB84B7341}.Debug|Any CPU.ActiveCfg = Debug|Any CPU
		{5B924697-4DCD-4F98-85F1-105CB84B7341}.Debug|Any CPU.Build.0 = Debug|Any CPU
		{5B924697-4DCD-4F98-85F1-105CB84B7341}.Debug|x64.ActiveCfg = Debug|x64
		{5B924697-4DCD-4F98-85F1-105CB84B7341}.Debug|x64.Build.0 = Debug|x64
		{5B924697-4DCD-4F98-85F1-105CB84B7341}.Debug|x86.ActiveCfg = Debug|Any CPU
		{5B924697-4DCD-4F98-85F1-105CB84B7341}.Debug|x86.Build.0 = Debug|Any CPU
		{5B924697-4DCD-4F98-85F1-105CB84B7341}.Release|Any CPU.ActiveCfg = Release|Any CPU
		{5B924697-4DCD-4F98-85F1-105CB84B7341}.Release|Any CPU.Build.0 = Release|Any CPU
		{5B924697-4DCD-4F98-85F1-105CB84B7341}.Release|x64.ActiveCfg = Release|x64
		{5B924697-4DCD-4F98-85F1-105CB84B7341}.Release|x64.Build.0 = Release|x64
		{5B924697-4DCD-4F98-85F1-105CB84B7341}.Release|x86.ActiveCfg = Release|Any CPU
		{5B924697-4DCD-4F98-85F1-105CB84B7341}.Release|x86.Build.0 = Release|Any CPU
		{47F23C86-604E-4CC3-8767-B3D4088F30BB}.Debug|Any CPU.ActiveCfg = Debug|Any CPU
		{47F23C86-604E-4CC3-8767-B3D4088F30BB}.Debug|Any CPU.Build.0 = Debug|Any CPU
		{47F23C86-604E-4CC3-8767-B3D4088F30BB}.Debug|x64.ActiveCfg = Debug|x64
		{47F23C86-604E-4CC3-8767-B3D4088F30BB}.Debug|x64.Build.0 = Debug|x64
		{47F23C86-604E-4CC3-8767-B3D4088F30BB}.Debug|x86.ActiveCfg = Debug|Any CPU
		{47F23C86-604E-4CC3-8767-B3D4088F30BB}.Debug|x86.Build.0 = Debug|Any CPU
		{47F23C86-604E-4CC3-8767-B3D4088F30BB}.Release|Any CPU.ActiveCfg = Release|Any CPU
		{47F23C86-604E-4CC3-8767-B3D4088F30BB}.Release|Any CPU.Build.0 = Release|Any CPU
		{47F23C86-604E-4CC3-8767-B3D4088F30BB}.Release|x64.ActiveCfg = Release|x64
		{47F23C86-604E-4CC3-8767-B3D4088F30BB}.Release|x64.Build.0 = Release|x64
		{47F23C86-604E-4CC3-8767-B3D4088F30BB}.Release|x86.ActiveCfg = Release|Any CPU
		{47F23C86-604E-4CC3-8767-B3D4088F30BB}.Release|x86.Build.0 = Release|Any CPU
		{92599C09-FF29-4ABD-B6E6-C48ECD781BAB}.Debug|Any CPU.ActiveCfg = Debug|Any CPU
		{92599C09-FF29-4ABD-B6E6-C48ECD781BAB}.Debug|Any CPU.Build.0 = Debug|Any CPU
		{92599C09-FF29-4ABD-B6E6-C48ECD781BAB}.Debug|x64.ActiveCfg = Debug|x64
		{92599C09-FF29-4ABD-B6E6-C48ECD781BAB}.Debug|x64.Build.0 = Debug|x64
		{92599C09-FF29-4ABD-B6E6-C48ECD781BAB}.Debug|x86.ActiveCfg = Debug|Any CPU
		{92599C09-FF29-4ABD-B6E6-C48ECD781BAB}.Debug|x86.Build.0 = Debug|Any CPU
		{92599C09-FF29-4ABD-B6E6-C48ECD781BAB}.Release|Any CPU.ActiveCfg = Release|Any CPU
		{92599C09-FF29-4ABD-B6E6-C48ECD781BAB}.Release|Any CPU.Build.0 = Release|Any CPU
		{92599C09-FF29-4ABD-B6E6-C48ECD781BAB}.Release|x64.ActiveCfg = Release|x64
		{92599C09-FF29-4ABD-B6E6-C48ECD781BAB}.Release|x64.Build.0 = Release|x64
		{92599C09-FF29-4ABD-B6E6-C48ECD781BAB}.Release|x86.ActiveCfg = Release|Any CPU
		{92599C09-FF29-4ABD-B6E6-C48ECD781BAB}.Release|x86.Build.0 = Release|Any CPU
		{F041C685-EB96-4ED1-9ACE-0F5BD836610F}.Debug|Any CPU.ActiveCfg = Debug|Any CPU
		{F041C685-EB96-4ED1-9ACE-0F5BD836610F}.Debug|Any CPU.Build.0 = Debug|Any CPU
		{F041C685-EB96-4ED1-9ACE-0F5BD836610F}.Debug|x64.ActiveCfg = Debug|x64
		{F041C685-EB96-4ED1-9ACE-0F5BD836610F}.Debug|x64.Build.0 = Debug|x64
		{F041C685-EB96-4ED1-9ACE-0F5BD836610F}.Debug|x86.ActiveCfg = Debug|Any CPU
		{F041C685-EB96-4ED1-9ACE-0F5BD836610F}.Debug|x86.Build.0 = Debug|Any CPU
		{F041C685-EB96-4ED1-9ACE-0F5BD836610F}.Release|Any CPU.ActiveCfg = Release|Any CPU
		{F041C685-EB96-4ED1-9ACE-0F5BD836610F}.Release|Any CPU.Build.0 = Release|Any CPU
		{F041C685-EB96-4ED1-9ACE-0F5BD836610F}.Release|x64.ActiveCfg = Release|x64
		{F041C685-EB96-4ED1-9ACE-0F5BD836610F}.Release|x64.Build.0 = Release|x64
		{F041C685-EB96-4ED1-9ACE-0F5BD836610F}.Release|x86.ActiveCfg = Release|Any CPU
		{F041C685-EB96-4ED1-9ACE-0F5BD836610F}.Release|x86.Build.0 = Release|Any CPU
		{5D594C8A-2137-46E1-8D01-B83662825C7B}.Debug|Any CPU.ActiveCfg = Debug|Any CPU
		{5D594C8A-2137-46E1-8D01-B83662825C7B}.Debug|Any CPU.Build.0 = Debug|Any CPU
		{5D594C8A-2137-46E1-8D01-B83662825C7B}.Debug|x64.ActiveCfg = Debug|x64
		{5D594C8A-2137-46E1-8D01-B83662825C7B}.Debug|x64.Build.0 = Debug|x64
		{5D594C8A-2137-46E1-8D01-B83662825C7B}.Debug|x86.ActiveCfg = Debug|Any CPU
		{5D594C8A-2137-46E1-8D01-B83662825C7B}.Debug|x86.Build.0 = Debug|Any CPU
		{5D594C8A-2137-46E1-8D01-B83662825C7B}.Release|Any CPU.ActiveCfg = Release|Any CPU
		{5D594C8A-2137-46E1-8D01-B83662825C7B}.Release|Any CPU.Build.0 = Release|Any CPU
		{5D594C8A-2137-46E1-8D01-B83662825C7B}.Release|x64.ActiveCfg = Release|x64
		{5D594C8A-2137-46E1-8D01-B83662825C7B}.Release|x64.Build.0 = Release|x64
		{5D594C8A-2137-46E1-8D01-B83662825C7B}.Release|x86.ActiveCfg = Release|Any CPU
		{5D594C8A-2137-46E1-8D01-B83662825C7B}.Release|x86.Build.0 = Release|Any CPU
		{9B162E60-12D8-44FD-8093-7D40392F23FA}.Debug|Any CPU.ActiveCfg = Debug|Any CPU
		{9B162E60-12D8-44FD-8093-7D40392F23FA}.Debug|Any CPU.Build.0 = Debug|Any CPU
		{9B162E60-12D8-44FD-8093-7D40392F23FA}.Debug|x64.ActiveCfg = Debug|x64
		{9B162E60-12D8-44FD-8093-7D40392F23FA}.Debug|x64.Build.0 = Debug|x64
		{9B162E60-12D8-44FD-8093-7D40392F23FA}.Debug|x86.ActiveCfg = Debug|Any CPU
		{9B162E60-12D8-44FD-8093-7D40392F23FA}.Debug|x86.Build.0 = Debug|Any CPU
		{9B162E60-12D8-44FD-8093-7D40392F23FA}.Release|Any CPU.ActiveCfg = Release|Any CPU
		{9B162E60-12D8-44FD-8093-7D40392F23FA}.Release|Any CPU.Build.0 = Release|Any CPU
		{9B162E60-12D8-44FD-8093-7D40392F23FA}.Release|x64.ActiveCfg = Release|x64
		{9B162E60-12D8-44FD-8093-7D40392F23FA}.Release|x64.Build.0 = Release|x64
		{9B162E60-12D8-44FD-8093-7D40392F23FA}.Release|x86.ActiveCfg = Release|Any CPU
		{9B162E60-12D8-44FD-8093-7D40392F23FA}.Release|x86.Build.0 = Release|Any CPU
		{9F89C5A0-EB75-4F01-97EB-FBC0725733F2}.Debug|Any CPU.ActiveCfg = Debug|Any CPU
		{9F89C5A0-EB75-4F01-97EB-FBC0725733F2}.Debug|Any CPU.Build.0 = Debug|Any CPU
		{9F89C5A0-EB75-4F01-97EB-FBC0725733F2}.Debug|x64.ActiveCfg = Debug|x64
		{9F89C5A0-EB75-4F01-97EB-FBC0725733F2}.Debug|x64.Build.0 = Debug|x64
		{9F89C5A0-EB75-4F01-97EB-FBC0725733F2}.Debug|x86.ActiveCfg = Debug|Any CPU
		{9F89C5A0-EB75-4F01-97EB-FBC0725733F2}.Debug|x86.Build.0 = Debug|Any CPU
		{9F89C5A0-EB75-4F01-97EB-FBC0725733F2}.Release|Any CPU.ActiveCfg = Release|Any CPU
		{9F89C5A0-EB75-4F01-97EB-FBC0725733F2}.Release|Any CPU.Build.0 = Release|Any CPU
		{9F89C5A0-EB75-4F01-97EB-FBC0725733F2}.Release|x64.ActiveCfg = Release|x64
		{9F89C5A0-EB75-4F01-97EB-FBC0725733F2}.Release|x64.Build.0 = Release|x64
		{9F89C5A0-EB75-4F01-97EB-FBC0725733F2}.Release|x86.ActiveCfg = Release|Any CPU
		{9F89C5A0-EB75-4F01-97EB-FBC0725733F2}.Release|x86.Build.0 = Release|Any CPU
		{BF35190D-B2A7-4CFA-B397-51CB384CF0D7}.Debug|Any CPU.ActiveCfg = Debug|Any CPU
		{BF35190D-B2A7-4CFA-B397-51CB384CF0D7}.Debug|Any CPU.Build.0 = Debug|Any CPU
		{BF35190D-B2A7-4CFA-B397-51CB384CF0D7}.Debug|x64.ActiveCfg = Debug|x64
		{BF35190D-B2A7-4CFA-B397-51CB384CF0D7}.Debug|x64.Build.0 = Debug|x64
		{BF35190D-B2A7-4CFA-B397-51CB384CF0D7}.Debug|x86.ActiveCfg = Debug|Any CPU
		{BF35190D-B2A7-4CFA-B397-51CB384CF0D7}.Debug|x86.Build.0 = Debug|Any CPU
		{BF35190D-B2A7-4CFA-B397-51CB384CF0D7}.Release|Any CPU.ActiveCfg = Release|Any CPU
		{BF35190D-B2A7-4CFA-B397-51CB384CF0D7}.Release|Any CPU.Build.0 = Release|Any CPU
		{BF35190D-B2A7-4CFA-B397-51CB384CF0D7}.Release|x64.ActiveCfg = Release|x64
		{BF35190D-B2A7-4CFA-B397-51CB384CF0D7}.Release|x64.Build.0 = Release|x64
		{BF35190D-B2A7-4CFA-B397-51CB384CF0D7}.Release|x86.ActiveCfg = Release|Any CPU
		{BF35190D-B2A7-4CFA-B397-51CB384CF0D7}.Release|x86.Build.0 = Release|Any CPU
		{4CCA2717-B8A4-44F7-965B-5687107E4921}.Debug|Any CPU.ActiveCfg = Debug|Any CPU
		{4CCA2717-B8A4-44F7-965B-5687107E4921}.Debug|Any CPU.Build.0 = Debug|Any CPU
		{4CCA2717-B8A4-44F7-965B-5687107E4921}.Debug|x64.ActiveCfg = Debug|x64
		{4CCA2717-B8A4-44F7-965B-5687107E4921}.Debug|x64.Build.0 = Debug|x64
		{4CCA2717-B8A4-44F7-965B-5687107E4921}.Debug|x86.ActiveCfg = Debug|Any CPU
		{4CCA2717-B8A4-44F7-965B-5687107E4921}.Debug|x86.Build.0 = Debug|Any CPU
		{4CCA2717-B8A4-44F7-965B-5687107E4921}.Release|Any CPU.ActiveCfg = Release|Any CPU
		{4CCA2717-B8A4-44F7-965B-5687107E4921}.Release|Any CPU.Build.0 = Release|Any CPU
		{4CCA2717-B8A4-44F7-965B-5687107E4921}.Release|x64.ActiveCfg = Release|x64
		{4CCA2717-B8A4-44F7-965B-5687107E4921}.Release|x64.Build.0 = Release|x64
		{4CCA2717-B8A4-44F7-965B-5687107E4921}.Release|x86.ActiveCfg = Release|Any CPU
		{4CCA2717-B8A4-44F7-965B-5687107E4921}.Release|x86.Build.0 = Release|Any CPU
		{6A81B507-29D4-4135-95B7-F4B2C93C699D}.Debug|Any CPU.ActiveCfg = Debug|Any CPU
		{6A81B507-29D4-4135-95B7-F4B2C93C699D}.Debug|Any CPU.Build.0 = Debug|Any CPU
		{6A81B507-29D4-4135-95B7-F4B2C93C699D}.Debug|x64.ActiveCfg = Debug|x64
		{6A81B507-29D4-4135-95B7-F4B2C93C699D}.Debug|x64.Build.0 = Debug|x64
		{6A81B507-29D4-4135-95B7-F4B2C93C699D}.Debug|x86.ActiveCfg = Debug|Any CPU
		{6A81B507-29D4-4135-95B7-F4B2C93C699D}.Debug|x86.Build.0 = Debug|Any CPU
		{6A81B507-29D4-4135-95B7-F4B2C93C699D}.Release|Any CPU.ActiveCfg = Release|Any CPU
		{6A81B507-29D4-4135-95B7-F4B2C93C699D}.Release|Any CPU.Build.0 = Release|Any CPU
		{6A81B507-29D4-4135-95B7-F4B2C93C699D}.Release|x64.ActiveCfg = Release|x64
		{6A81B507-29D4-4135-95B7-F4B2C93C699D}.Release|x64.Build.0 = Release|x64
		{6A81B507-29D4-4135-95B7-F4B2C93C699D}.Release|x86.ActiveCfg = Release|Any CPU
		{6A81B507-29D4-4135-95B7-F4B2C93C699D}.Release|x86.Build.0 = Release|Any CPU
	EndGlobalSection
	GlobalSection(SolutionProperties) = preSolution
		HideSolutionNode = FALSE
	EndGlobalSection
	GlobalSection(ExtensibilityGlobals) = postSolution
		SolutionGuid = {8508EA59-659A-4E08-9232-91774FBA65F2}
	EndGlobalSection
EndGlobal
